// !$*UTF8*$!
{
	archiveVersion = 1;
	classes = {
	};
	objectVersion = 50;
	objects = {

/* Begin PBXBuildFile section */
		5AD807A20458DF6D170642EB /* libPods-KSCollectionsDemo.a in Frameworks */ = {isa = PBXBuildFile; fileRef = F83E8585EDFFDA51909B637E /* libPods-KSCollectionsDemo.a */; };
		63C29F9E250E664A00B28E5C /* AppDelegate.m in Sources */ = {isa = PBXBuildFile; fileRef = 63C29F9D250E664A00B28E5C /* AppDelegate.m */; };
		63C29FA1250E664A00B28E5C /* SceneDelegate.m in Sources */ = {isa = PBXBuildFile; fileRef = 63C29FA0250E664A00B28E5C /* SceneDelegate.m */; };
		63C29FA4250E664A00B28E5C /* ViewController.m in Sources */ = {isa = PBXBuildFile; fileRef = 63C29FA3250E664A00B28E5C /* ViewController.m */; };
		63C29FA7250E664A00B28E5C /* Main.storyboard in Resources */ = {isa = PBXBuildFile; fileRef = 63C29FA5250E664A00B28E5C /* Main.storyboard */; };
		63C29FA9250E664C00B28E5C /* Assets.xcassets in Resources */ = {isa = PBXBuildFile; fileRef = 63C29FA8250E664C00B28E5C /* Assets.xcassets */; };
		63C29FAC250E664C00B28E5C /* LaunchScreen.storyboard in Resources */ = {isa = PBXBuildFile; fileRef = 63C29FAA250E664C00B28E5C /* LaunchScreen.storyboard */; };
		63C29FAF250E664C00B28E5C /* main.m in Sources */ = {isa = PBXBuildFile; fileRef = 63C29FAE250E664C00B28E5C /* main.m */; };
/* End PBXBuildFile section */

/* Begin PBXFileReference section */
		2192C0C48EC329CE977DD7FE /* Pods-KSLinkedListDemo.release.xcconfig */ = {isa = PBXFileReference; includeInIndex = 1; lastKnownFileType = text.xcconfig; name = "Pods-KSLinkedListDemo.release.xcconfig"; path = "Target Support Files/Pods-KSLinkedListDemo/Pods-KSLinkedListDemo.release.xcconfig"; sourceTree = "<group>"; };
		3418733B1523D950ED05F8B3 /* Pods-KSCollectionsDemo.release.xcconfig */ = {isa = PBXFileReference; includeInIndex = 1; lastKnownFileType = text.xcconfig; name = "Pods-KSCollectionsDemo.release.xcconfig"; path = "Target Support Files/Pods-KSCollectionsDemo/Pods-KSCollectionsDemo.release.xcconfig"; sourceTree = "<group>"; };
		63C29F99250E664A00B28E5C /* KSCollectionsDemo.app */ = {isa = PBXFileReference; explicitFileType = wrapper.application; includeInIndex = 0; path = KSCollectionsDemo.app; sourceTree = BUILT_PRODUCTS_DIR; };
		63C29F9C250E664A00B28E5C /* AppDelegate.h */ = {isa = PBXFileReference; lastKnownFileType = sourcecode.c.h; path = AppDelegate.h; sourceTree = "<group>"; };
		63C29F9D250E664A00B28E5C /* AppDelegate.m */ = {isa = PBXFileReference; lastKnownFileType = sourcecode.c.objc; path = AppDelegate.m; sourceTree = "<group>"; };
		63C29F9F250E664A00B28E5C /* SceneDelegate.h */ = {isa = PBXFileReference; lastKnownFileType = sourcecode.c.h; path = SceneDelegate.h; sourceTree = "<group>"; };
		63C29FA0250E664A00B28E5C /* SceneDelegate.m */ = {isa = PBXFileReference; lastKnownFileType = sourcecode.c.objc; path = SceneDelegate.m; sourceTree = "<group>"; };
		63C29FA2250E664A00B28E5C /* ViewController.h */ = {isa = PBXFileReference; lastKnownFileType = sourcecode.c.h; path = ViewController.h; sourceTree = "<group>"; };
		63C29FA3250E664A00B28E5C /* ViewController.m */ = {isa = PBXFileReference; lastKnownFileType = sourcecode.c.objc; path = ViewController.m; sourceTree = "<group>"; };
		63C29FA6250E664A00B28E5C /* Base */ = {isa = PBXFileReference; lastKnownFileType = file.storyboard; name = Base; path = Base.lproj/Main.storyboard; sourceTree = "<group>"; };
		63C29FA8250E664C00B28E5C /* Assets.xcassets */ = {isa = PBXFileReference; lastKnownFileType = folder.assetcatalog; path = Assets.xcassets; sourceTree = "<group>"; };
		63C29FAB250E664C00B28E5C /* Base */ = {isa = PBXFileReference; lastKnownFileType = file.storyboard; name = Base; path = Base.lproj/LaunchScreen.storyboard; sourceTree = "<group>"; };
		63C29FAD250E664C00B28E5C /* Info.plist */ = {isa = PBXFileReference; lastKnownFileType = text.plist.xml; path = Info.plist; sourceTree = "<group>"; };
		63C29FAE250E664C00B28E5C /* main.m */ = {isa = PBXFileReference; lastKnownFileType = sourcecode.c.objc; path = main.m; sourceTree = "<group>"; };
		D649433269F1715C0CB7F4CC /* Pods-KSCollectionsDemo.debug.xcconfig */ = {isa = PBXFileReference; includeInIndex = 1; lastKnownFileType = text.xcconfig; name = "Pods-KSCollectionsDemo.debug.xcconfig"; path = "Target Support Files/Pods-KSCollectionsDemo/Pods-KSCollectionsDemo.debug.xcconfig"; sourceTree = "<group>"; };
		DD216F7A8FA591295E620094 /* Pods-KSLinkedListDemo.debug.xcconfig */ = {isa = PBXFileReference; includeInIndex = 1; lastKnownFileType = text.xcconfig; name = "Pods-KSLinkedListDemo.debug.xcconfig"; path = "Target Support Files/Pods-KSLinkedListDemo/Pods-KSLinkedListDemo.debug.xcconfig"; sourceTree = "<group>"; };
		F83E8585EDFFDA51909B637E /* libPods-KSCollectionsDemo.a */ = {isa = PBXFileReference; explicitFileType = archive.ar; includeInIndex = 0; path = "libPods-KSCollectionsDemo.a"; sourceTree = BUILT_PRODUCTS_DIR; };
/* End PBXFileReference section */

/* Begin PBXFrameworksBuildPhase section */
		63C29F96250E664A00B28E5C /* Frameworks */ = {
			isa = PBXFrameworksBuildPhase;
			buildActionMask = 2147483647;
			files = (
				5AD807A20458DF6D170642EB /* libPods-KSCollectionsDemo.a in Frameworks */,
			);
			runOnlyForDeploymentPostprocessing = 0;
		};
/* End PBXFrameworksBuildPhase section */

/* Begin PBXGroup section */
		33C9115C39EFDC92B82AB700 /* Pods */ = {
			isa = PBXGroup;
			children = (
				DD216F7A8FA591295E620094 /* Pods-KSLinkedListDemo.debug.xcconfig */,
				2192C0C48EC329CE977DD7FE /* Pods-KSLinkedListDemo.release.xcconfig */,
				D649433269F1715C0CB7F4CC /* Pods-KSCollectionsDemo.debug.xcconfig */,
				3418733B1523D950ED05F8B3 /* Pods-KSCollectionsDemo.release.xcconfig */,
			);
			name = Pods;
			path = ../Pods;
			sourceTree = "<group>";
		};
		63C29F90250E664A00B28E5C = {
			isa = PBXGroup;
			children = (
				63C29F9B250E664A00B28E5C /* KSCollectionsDemo */,
				63C29F9A250E664A00B28E5C /* Products */,
				33C9115C39EFDC92B82AB700 /* Pods */,
				789505771C0180377D5B9236 /* Frameworks */,
			);
			sourceTree = "<group>";
		};
		63C29F9A250E664A00B28E5C /* Products */ = {
			isa = PBXGroup;
			children = (
				63C29F99250E664A00B28E5C /* KSCollectionsDemo.app */,
			);
			name = Products;
			sourceTree = "<group>";
		};
		63C29F9B250E664A00B28E5C /* KSCollectionsDemo */ = {
			isa = PBXGroup;
			children = (
				63C29F9C250E664A00B28E5C /* AppDelegate.h */,
				63C29F9D250E664A00B28E5C /* AppDelegate.m */,
				63C29F9F250E664A00B28E5C /* SceneDelegate.h */,
				63C29FA0250E664A00B28E5C /* SceneDelegate.m */,
				63C29FA2250E664A00B28E5C /* ViewController.h */,
				63C29FA3250E664A00B28E5C /* ViewController.m */,
				63C29FA5250E664A00B28E5C /* Main.storyboard */,
				63C29FA8250E664C00B28E5C /* Assets.xcassets */,
				63C29FAA250E664C00B28E5C /* LaunchScreen.storyboard */,
				63C29FAD250E664C00B28E5C /* Info.plist */,
				63C29FAE250E664C00B28E5C /* main.m */,
			);
			path = KSCollectionsDemo;
			sourceTree = "<group>";
		};
		789505771C0180377D5B9236 /* Frameworks */ = {
			isa = PBXGroup;
			children = (
				F83E8585EDFFDA51909B637E /* libPods-KSCollectionsDemo.a */,
			);
			name = Frameworks;
			sourceTree = "<group>";
		};
/* End PBXGroup section */

/* Begin PBXNativeTarget section */
		63C29F98250E664A00B28E5C /* KSCollectionsDemo */ = {
			isa = PBXNativeTarget;
			buildConfigurationList = 63C29FB2250E664C00B28E5C /* Build configuration list for PBXNativeTarget "KSCollectionsDemo" */;
			buildPhases = (
				6B6FA257C8D0BB609EAF8CED /* [CP] Check Pods Manifest.lock */,
				63C29F95250E664A00B28E5C /* Sources */,
				63C29F96250E664A00B28E5C /* Frameworks */,
				63C29F97250E664A00B28E5C /* Resources */,
			);
			buildRules = (
			);
			dependencies = (
			);
			name = KSCollectionsDemo;
			productName = KSLinkedListDemo;
			productReference = 63C29F99250E664A00B28E5C /* KSCollectionsDemo.app */;
			productType = "com.apple.product-type.application";
		};
/* End PBXNativeTarget section */

/* Begin PBXProject section */
		63C29F91250E664A00B28E5C /* Project object */ = {
			isa = PBXProject;
			attributes = {
				LastUpgradeCheck = 1150;
				ORGANIZATIONNAME = Klaudz;
				TargetAttributes = {
					63C29F98250E664A00B28E5C = {
						CreatedOnToolsVersion = 11.5;
					};
				};
			};
			buildConfigurationList = 63C29F94250E664A00B28E5C /* Build configuration list for PBXProject "KSCollectionsDemo" */;
			compatibilityVersion = "Xcode 9.3";
			developmentRegion = en;
			hasScannedForEncodings = 0;
			knownRegions = (
				en,
				Base,
			);
			mainGroup = 63C29F90250E664A00B28E5C;
			productRefGroup = 63C29F9A250E664A00B28E5C /* Products */;
			projectDirPath = "";
			projectRoot = "";
			targets = (
				63C29F98250E664A00B28E5C /* KSCollectionsDemo */,
			);
		};
/* End PBXProject section */

/* Begin PBXResourcesBuildPhase section */
		63C29F97250E664A00B28E5C /* Resources */ = {
			isa = PBXResourcesBuildPhase;
			buildActionMask = 2147483647;
			files = (
				63C29FAC250E664C00B28E5C /* LaunchScreen.storyboard in Resources */,
				63C29FA9250E664C00B28E5C /* Assets.xcassets in Resources */,
				63C29FA7250E664A00B28E5C /* Main.storyboard in Resources */,
			);
			runOnlyForDeploymentPostprocessing = 0;
		};
/* End PBXResourcesBuildPhase section */

/* Begin PBXShellScriptBuildPhase section */
		6B6FA257C8D0BB609EAF8CED /* [CP] Check Pods Manifest.lock */ = {
			isa = PBXShellScriptBuildPhase;
			buildActionMask = 2147483647;
			files = (
			);
			inputFileListPaths = (
			);
			inputPaths = (
				"${PODS_PODFILE_DIR_PATH}/Podfile.lock",
				"${PODS_ROOT}/Manifest.lock",
			);
			name = "[CP] Check Pods Manifest.lock";
			outputFileListPaths = (
			);
			outputPaths = (
				"$(DERIVED_FILE_DIR)/Pods-KSCollectionsDemo-checkManifestLockResult.txt",
			);
			runOnlyForDeploymentPostprocessing = 0;
			shellPath = /bin/sh;
			shellScript = "diff \"${PODS_PODFILE_DIR_PATH}/Podfile.lock\" \"${PODS_ROOT}/Manifest.lock\" > /dev/null\nif [ $? != 0 ] ; then\n    # print error to STDERR\n    echo \"error: The sandbox is not in sync with the Podfile.lock. Run 'pod install' or update your CocoaPods installation.\" >&2\n    exit 1\nfi\n# This output is used by Xcode 'outputs' to avoid re-running this script phase.\necho \"SUCCESS\" > \"${SCRIPT_OUTPUT_FILE_0}\"\n";
			showEnvVarsInLog = 0;
		};
/* End PBXShellScriptBuildPhase section */

/* Begin PBXSourcesBuildPhase section */
		63C29F95250E664A00B28E5C /* Sources */ = {
			isa = PBXSourcesBuildPhase;
			buildActionMask = 2147483647;
			files = (
				63C29FA4250E664A00B28E5C /* ViewController.m in Sources */,
				63C29F9E250E664A00B28E5C /* AppDelegate.m in Sources */,
				63C29FAF250E664C00B28E5C /* main.m in Sources */,
				63C29FA1250E664A00B28E5C /* SceneDelegate.m in Sources */,
			);
			runOnlyForDeploymentPostprocessing = 0;
		};
/* End PBXSourcesBuildPhase section */

/* Begin PBXVariantGroup section */
		63C29FA5250E664A00B28E5C /* Main.storyboard */ = {
			isa = PBXVariantGroup;
			children = (
				63C29FA6250E664A00B28E5C /* Base */,
			);
			name = Main.storyboard;
			sourceTree = "<group>";
		};
		63C29FAA250E664C00B28E5C /* LaunchScreen.storyboard */ = {
			isa = PBXVariantGroup;
			children = (
				63C29FAB250E664C00B28E5C /* Base */,
			);
			name = LaunchScreen.storyboard;
			sourceTree = "<group>";
		};
/* End PBXVariantGroup section */

/* Begin XCBuildConfiguration section */
		63C29FB0250E664C00B28E5C /* Debug */ = {
			isa = XCBuildConfiguration;
			buildSettings = {
				ALWAYS_SEARCH_USER_PATHS = NO;
				CLANG_ANALYZER_NONNULL = YES;
				CLANG_ANALYZER_NUMBER_OBJECT_CONVERSION = YES_AGGRESSIVE;
				CLANG_CXX_LANGUAGE_STANDARD = "gnu++14";
				CLANG_CXX_LIBRARY = "libc++";
				CLANG_ENABLE_MODULES = YES;
				CLANG_ENABLE_OBJC_ARC = YES;
				CLANG_ENABLE_OBJC_WEAK = YES;
				CLANG_WARN_BLOCK_CAPTURE_AUTORELEASING = YES;
				CLANG_WARN_BOOL_CONVERSION = YES;
				CLANG_WARN_COMMA = YES;
				CLANG_WARN_CONSTANT_CONVERSION = YES;
				CLANG_WARN_DEPRECATED_OBJC_IMPLEMENTATIONS = YES;
				CLANG_WARN_DIRECT_OBJC_ISA_USAGE = YES_ERROR;
				CLANG_WARN_DOCUMENTATION_COMMENTS = YES;
				CLANG_WARN_EMPTY_BODY = YES;
				CLANG_WARN_ENUM_CONVERSION = YES;
				CLANG_WARN_INFINITE_RECURSION = YES;
				CLANG_WARN_INT_CONVERSION = YES;
				CLANG_WARN_NON_LITERAL_NULL_CONVERSION = YES;
				CLANG_WARN_OBJC_IMPLICIT_RETAIN_SELF = YES;
				CLANG_WARN_OBJC_LITERAL_CONVERSION = YES;
				CLANG_WARN_OBJC_ROOT_CLASS = YES_ERROR;
				CLANG_WARN_RANGE_LOOP_ANALYSIS = YES;
				CLANG_WARN_STRICT_PROTOTYPES = YES;
				CLANG_WARN_SUSPICIOUS_MOVE = YES;
				CLANG_WARN_UNGUARDED_AVAILABILITY = YES_AGGRESSIVE;
				CLANG_WARN_UNREACHABLE_CODE = YES;
				CLANG_WARN__DUPLICATE_METHOD_MATCH = YES;
				COPY_PHASE_STRIP = NO;
				DEBUG_INFORMATION_FORMAT = dwarf;
				ENABLE_STRICT_OBJC_MSGSEND = YES;
				ENABLE_TESTABILITY = YES;
				GCC_C_LANGUAGE_STANDARD = gnu11;
				GCC_DYNAMIC_NO_PIC = NO;
				GCC_NO_COMMON_BLOCKS = YES;
				GCC_OPTIMIZATION_LEVEL = 0;
				GCC_PREPROCESSOR_DEFINITIONS = (
					"DEBUG=1",
					"$(inherited)",
				);
				GCC_WARN_64_TO_32_BIT_CONVERSION = YES;
				GCC_WARN_ABOUT_RETURN_TYPE = YES_ERROR;
				GCC_WARN_UNDECLARED_SELECTOR = YES;
				GCC_WARN_UNINITIALIZED_AUTOS = YES_AGGRESSIVE;
				GCC_WARN_UNUSED_FUNCTION = YES;
				GCC_WARN_UNUSED_VARIABLE = YES;
				IPHONEOS_DEPLOYMENT_TARGET = 13.5;
				MTL_ENABLE_DEBUG_INFO = INCLUDE_SOURCE;
				MTL_FAST_MATH = YES;
				ONLY_ACTIVE_ARCH = YES;
				SDKROOT = iphoneos;
			};
			name = Debug;
		};
		63C29FB1250E664C00B28E5C /* Release */ = {
			isa = XCBuildConfiguration;
			buildSettings = {
				ALWAYS_SEARCH_USER_PATHS = NO;
				CLANG_ANALYZER_NONNULL = YES;
				CLANG_ANALYZER_NUMBER_OBJECT_CONVERSION = YES_AGGRESSIVE;
				CLANG_CXX_LANGUAGE_STANDARD = "gnu++14";
				CLANG_CXX_LIBRARY = "libc++";
				CLANG_ENABLE_MODULES = YES;
				CLANG_ENABLE_OBJC_ARC = YES;
				CLANG_ENABLE_OBJC_WEAK = YES;
				CLANG_WARN_BLOCK_CAPTURE_AUTORELEASING = YES;
				CLANG_WARN_BOOL_CONVERSION = YES;
				CLANG_WARN_COMMA = YES;
				CLANG_WARN_CONSTANT_CONVERSION = YES;
				CLANG_WARN_DEPRECATED_OBJC_IMPLEMENTATIONS = YES;
				CLANG_WARN_DIRECT_OBJC_ISA_USAGE = YES_ERROR;
				CLANG_WARN_DOCUMENTATION_COMMENTS = YES;
				CLANG_WARN_EMPTY_BODY = YES;
				CLANG_WARN_ENUM_CONVERSION = YES;
				CLANG_WARN_INFINITE_RECURSION = YES;
				CLANG_WARN_INT_CONVERSION = YES;
				CLANG_WARN_NON_LITERAL_NULL_CONVERSION = YES;
				CLANG_WARN_OBJC_IMPLICIT_RETAIN_SELF = YES;
				CLANG_WARN_OBJC_LITERAL_CONVERSION = YES;
				CLANG_WARN_OBJC_ROOT_CLASS = YES_ERROR;
				CLANG_WARN_RANGE_LOOP_ANALYSIS = YES;
				CLANG_WARN_STRICT_PROTOTYPES = YES;
				CLANG_WARN_SUSPICIOUS_MOVE = YES;
				CLANG_WARN_UNGUARDED_AVAILABILITY = YES_AGGRESSIVE;
				CLANG_WARN_UNREACHABLE_CODE = YES;
				CLANG_WARN__DUPLICATE_METHOD_MATCH = YES;
				COPY_PHASE_STRIP = NO;
				DEBUG_INFORMATION_FORMAT = "dwarf-with-dsym";
				ENABLE_NS_ASSERTIONS = NO;
				ENABLE_STRICT_OBJC_MSGSEND = YES;
				GCC_C_LANGUAGE_STANDARD = gnu11;
				GCC_NO_COMMON_BLOCKS = YES;
				GCC_WARN_64_TO_32_BIT_CONVERSION = YES;
				GCC_WARN_ABOUT_RETURN_TYPE = YES_ERROR;
				GCC_WARN_UNDECLARED_SELECTOR = YES;
				GCC_WARN_UNINITIALIZED_AUTOS = YES_AGGRESSIVE;
				GCC_WARN_UNUSED_FUNCTION = YES;
				GCC_WARN_UNUSED_VARIABLE = YES;
				IPHONEOS_DEPLOYMENT_TARGET = 13.5;
				MTL_ENABLE_DEBUG_INFO = NO;
				MTL_FAST_MATH = YES;
				SDKROOT = iphoneos;
				VALIDATE_PRODUCT = YES;
			};
			name = Release;
		};
		63C29FB3250E664C00B28E5C /* Debug */ = {
			isa = XCBuildConfiguration;
			baseConfigurationReference = D649433269F1715C0CB7F4CC /* Pods-KSCollectionsDemo.debug.xcconfig */;
			buildSettings = {
				ASSETCATALOG_COMPILER_APPICON_NAME = AppIcon;
				CODE_SIGN_STYLE = Automatic;
				DEVELOPMENT_TEAM = 3VR2JM3236;
				INFOPLIST_FILE = KSCollectionsDemo/Info.plist;
				LD_RUNPATH_SEARCH_PATHS = (
					"$(inherited)",
					"@executable_path/Frameworks",
				);
				PRODUCT_BUNDLE_IDENTIFIER = me.klaudz.KSCollectionsDemo;
				PRODUCT_NAME = "$(TARGET_NAME)";
				TARGETED_DEVICE_FAMILY = "1,2";
			};
			name = Debug;
		};
		63C29FB4250E664C00B28E5C /* Release */ = {
			isa = XCBuildConfiguration;
			baseConfigurationReference = 3418733B1523D950ED05F8B3 /* Pods-KSCollectionsDemo.release.xcconfig */;
			buildSettings = {
				ASSETCATALOG_COMPILER_APPICON_NAME = AppIcon;
				CODE_SIGN_STYLE = Automatic;
				DEVELOPMENT_TEAM = 3VR2JM3236;
				INFOPLIST_FILE = KSCollectionsDemo/Info.plist;
				LD_RUNPATH_SEARCH_PATHS = (
					"$(inherited)",
					"@executable_path/Frameworks",
				);
				PRODUCT_BUNDLE_IDENTIFIER = me.klaudz.KSCollectionsDemo;
				PRODUCT_NAME = "$(TARGET_NAME)";
				TARGETED_DEVICE_FAMILY = "1,2";
			};
			name = Release;
		};
/* End XCBuildConfiguration section */

/* Begin XCConfigurationList section */
		63C29F94250E664A00B28E5C /* Build configuration list for PBXProject "KSCollectionsDemo" */ = {
			isa = XCConfigurationList;
			buildConfigurations = (
				63C29FB0250E664C00B28E5C /* Debug */,
				63C29FB1250E664C00B28E5C /* Release */,
			);
			defaultConfigurationIsVisible = 0;
			defaultConfigurationName = Release;
		};
		63C29FB2250E664C00B28E5C /* Build configuration list for PBXNativeTarget "KSCollectionsDemo" */ = {
			isa = XCConfigurationList;
			buildConfigurations = (
				63C29FB3250E664C00B28E5C /* Debug */,
				63C29FB4250E664C00B28E5C /* Release */,
			);
			defaultConfigurationIsVisible = 0;
			defaultConfigurationName = Release;
		};
/* End XCConfigurationList section */
	};
	rootObject = 63C29F91250E664A00B28E5C /* Project object */;
}
